// !$*UTF8*$!
{
	archiveVersion = 1;
	classes = {
	};
	objectVersion = 46;
	objects = {

/* Begin PBXBuildFile section */
		B57A50061FCE8C3700C7F6BA /* AppDelegate.swift in Sources */ = {isa = PBXBuildFile; fileRef = B57A50051FCE8C3700C7F6BA /* AppDelegate.swift */; };
		B57A50081FCE8C3700C7F6BA /* ViewController.swift in Sources */ = {isa = PBXBuildFile; fileRef = B57A50071FCE8C3700C7F6BA /* ViewController.swift */; };
		B57A500B1FCE8C3700C7F6BA /* Main.storyboard in Resources */ = {isa = PBXBuildFile; fileRef = B57A50091FCE8C3700C7F6BA /* Main.storyboard */; };
		B57A500D1FCE8C3700C7F6BA /* Assets.xcassets in Resources */ = {isa = PBXBuildFile; fileRef = B57A500C1FCE8C3700C7F6BA /* Assets.xcassets */; };
		B57A50101FCE8C3700C7F6BA /* LaunchScreen.storyboard in Resources */ = {isa = PBXBuildFile; fileRef = B57A500E1FCE8C3700C7F6BA /* LaunchScreen.storyboard */; };
		B57A50181FCE8DD100C7F6BA /* ResultViewController.swift in Sources */ = {isa = PBXBuildFile; fileRef = B57A50171FCE8DD100C7F6BA /* ResultViewController.swift */; };
/* End PBXBuildFile section */

/* Begin PBXFileReference section */
		B57A50021FCE8C3700C7F6BA /* SecondKadaiApp.app */ = {isa = PBXFileReference; explicitFileType = wrapper.application; includeInIndex = 0; path = SecondKadaiApp.app; sourceTree = BUILT_PRODUCTS_DIR; };
		B57A50051FCE8C3700C7F6BA /* AppDelegate.swift */ = {isa = PBXFileReference; lastKnownFileType = sourcecode.swift; path = AppDelegate.swift; sourceTree = "<group>"; };
		B57A50071FCE8C3700C7F6BA /* ViewController.swift */ = {isa = PBXFileReference; lastKnownFileType = sourcecode.swift; path = ViewController.swift; sourceTree = "<group>"; };
		B57A500A1FCE8C3700C7F6BA /* Base */ = {isa = PBXFileReference; lastKnownFileType = file.storyboard; name = Base; path = Base.lproj/Main.storyboard; sourceTree = "<group>"; };
		B57A500C1FCE8C3700C7F6BA /* Assets.xcassets */ = {isa = PBXFileReference; lastKnownFileType = folder.assetcatalog; path = Assets.xcassets; sourceTree = "<group>"; };
		B57A500F1FCE8C3700C7F6BA /* Base */ = {isa = PBXFileReference; lastKnownFileType = file.storyboard; name = Base; path = Base.lproj/LaunchScreen.storyboard; sourceTree = "<group>"; };
		B57A50111FCE8C3700C7F6BA /* Info.plist */ = {isa = PBXFileReference; lastKnownFileType = text.plist.xml; path = Info.plist; sourceTree = "<group>"; };
		B57A50171FCE8DD100C7F6BA /* ResultViewController.swift */ = {isa = PBXFileReference; fileEncoding = 4; lastKnownFileType = sourcecode.swift; path = ResultViewController.swift; sourceTree = "<group>"; };
/* End PBXFileReference section */

/* Begin PBXFrameworksBuildPhase section */
		B57A4FFF1FCE8C3700C7F6BA /* Frameworks */ = {
			isa = PBXFrameworksBuildPhase;
			buildActionMask = 2147483647;
			files = (
			);
			runOnlyForDeploymentPostprocessing = 0;
		};
/* End PBXFrameworksBuildPhase section */

/* Begin PBXGroup section */
		B57A4FF91FCE8C3700C7F6BA = {
			isa = PBXGroup;
			children = (
				B57A50041FCE8C3700C7F6BA /* SecondKadaiApp */,
				B57A50031FCE8C3700C7F6BA /* Products */,
			);
			sourceTree = "<group>";
		};
		B57A50031FCE8C3700C7F6BA /* Products */ = {
			isa = PBXGroup;
			children = (
				B57A50021FCE8C3700C7F6BA /* SecondKadaiApp.app */,
			);
			name = Products;
			sourceTree = "<group>";
		};
		B57A50041FCE8C3700C7F6BA /* SecondKadaiApp */ = {
			isa = PBXGroup;
			children = (
				B57A50051FCE8C3700C7F6BA /* AppDelegate.swift */,
				B57A50071FCE8C3700C7F6BA /* ViewController.swift */,
				B57A50091FCE8C3700C7F6BA /* Main.storyboard */,
				B57A50171FCE8DD100C7F6BA /* ResultViewController.swift */,
				B57A500C1FCE8C3700C7F6BA /* Assets.xcassets */,
				B57A500E1FCE8C3700C7F6BA /* LaunchScreen.storyboard */,
				B57A50111FCE8C3700C7F6BA /* Info.plist */,
			);
			path = SecondKadaiApp;
			sourceTree = "<group>";
		};
/* End PBXGroup section */

/* Begin PBXNativeTarget section */
		B57A50011FCE8C3700C7F6BA /* SecondKadaiApp */ = {
			isa = PBXNativeTarget;
			buildConfigurationList = B57A50141FCE8C3700C7F6BA /* Build configuration list for PBXNativeTarget "SecondKadaiApp" */;
			buildPhases = (
				B57A4FFE1FCE8C3700C7F6BA /* Sources */,
				B57A4FFF1FCE8C3700C7F6BA /* Frameworks */,
				B57A50001FCE8C3700C7F6BA /* Resources */,
			);
			buildRules = (
			);
			dependencies = (
			);
			name = SecondKadaiApp;
			productName = SecondKadaiApp;
			productReference = B57A50021FCE8C3700C7F6BA /* SecondKadaiApp.app */;
			productType = "com.apple.product-type.application";
		};
/* End PBXNativeTarget section */

/* Begin PBXProject section */
		B57A4FFA1FCE8C3700C7F6BA /* Project object */ = {
			isa = PBXProject;
			attributes = {
				LastSwiftUpdateCheck = 0830;
				LastUpgradeCheck = 0830;
				ORGANIZATIONNAME = yasuko.matsubara;
				TargetAttributes = {
					B57A50011FCE8C3700C7F6BA = {
						CreatedOnToolsVersion = 8.3.3;
						DevelopmentTeam = QD9XU6RVJW;
						ProvisioningStyle = Automatic;
					};
				};
			};
			buildConfigurationList = B57A4FFD1FCE8C3700C7F6BA /* Build configuration list for PBXProject "SecondKadaiApp" */;
			compatibilityVersion = "Xcode 3.2";
			developmentRegion = English;
			hasScannedForEncodings = 0;
			knownRegions = (
				en,
				Base,
			);
			mainGroup = B57A4FF91FCE8C3700C7F6BA;
			productRefGroup = B57A50031FCE8C3700C7F6BA /* Products */;
			projectDirPath = "";
			projectRoot = "";
			targets = (
				B57A50011FCE8C3700C7F6BA /* SecondKadaiApp */,
			);
		};
/* End PBXProject section */

/* Begin PBXResourcesBuildPhase section */
		B57A50001FCE8C3700C7F6BA /* Resources */ = {
			isa = PBXResourcesBuildPhase;
			buildActionMask = 2147483647;
			files = (
				B57A50101FCE8C3700C7F6BA /* LaunchScreen.storyboard in Resources */,
				B57A500D1FCE8C3700C7F6BA /* Assets.xcassets in Resources */,
				B57A500B1FCE8C3700C7F6BA /* Main.storyboard in Resources */,
			);
			runOnlyForDeploymentPostprocessing = 0;
		};
/* End PBXResourcesBuildPhase section */

/* Begin PBXSourcesBuildPhase section */
		B57A4FFE1FCE8C3700C7F6BA /* Sources */ = {
			isa = PBXSourcesBuildPhase;
			buildActionMask = 2147483647;
			files = (
				B57A50081FCE8C3700C7F6BA /* ViewController.swift in Sources */,
				B57A50061FCE8C3700C7F6BA /* AppDelegate.swift in Sources */,
				B57A50181FCE8DD100C7F6BA /* ResultViewController.swift in Sources */,
			);
			runOnlyForDeploymentPostprocessing = 0;
		};
/* End PBXSourcesBuildPhase section */

/* Begin PBXVariantGroup section */
		B57A50091FCE8C3700C7F6BA /* Main.storyboard */ = {
			isa = PBXVariantGroup;
			children = (
				B57A500A1FCE8C3700C7F6BA /* Base */,
			);
			name = Main.storyboard;
			sourceTree = "<group>";
		};
		B57A500E1FCE8C3700C7F6BA /* LaunchScreen.storyboard */ = {
			isa = PBXVariantGroup;
			children = (
				B57A500F1FCE8C3700C7F6BA /* Base */,
			);
			name = LaunchScreen.storyboard;
			sourceTree = "<group>";
		};
/* End PBXVariantGroup section */

/* Begin XCBuildConfiguration section */
		B57A50121FCE8C3700C7F6BA /* Debug */ = {
			isa = XCBuildConfiguration;
			buildSettings = {
				ALWAYS_SEARCH_USER_PATHS = NO;
				CLANG_ANALYZER_NONNULL = YES;
				CLANG_ANALYZER_NUMBER_OBJECT_CONVERSION = YES_AGGRESSIVE;
				CLANG_CXX_LANGUAGE_STANDARD = "gnu++0x";
				CLANG_CXX_LIBRARY = "libc++";
				CLANG_ENABLE_MODULES = YES;
				CLANG_ENABLE_OBJC_ARC = YES;
				CLANG_WARN_BOOL_CONVERSION = YES;
				CLANG_WARN_CONSTANT_CONVERSION = YES;
				CLANG_WARN_DIRECT_OBJC_ISA_USAGE = YES_ERROR;
				CLANG_WARN_DOCUMENTATION_COMMENTS = YES;
				CLANG_WARN_EMPTY_BODY = YES;
				CLANG_WARN_ENUM_CONVERSION = YES;
				CLANG_WARN_INFINITE_RECURSION = YES;
				CLANG_WARN_INT_CONVERSION = YES;
				CLANG_WARN_OBJC_ROOT_CLASS = YES_ERROR;
				CLANG_WARN_SUSPICIOUS_MOVE = YES;
				CLANG_WARN_UNREACHABLE_CODE = YES;
				CLANG_WARN__DUPLICATE_METHOD_MATCH = YES;
				"CODE_SIGN_IDENTITY[sdk=iphoneos*]" = "iPhone Developer";
				COPY_PHASE_STRIP = NO;
				DEBUG_INFORMATION_FORMAT = dwarf;
				ENABLE_STRICT_OBJC_MSGSEND = YES;
				ENABLE_TESTABILITY = YES;
				GCC_C_LANGUAGE_STANDARD = gnu99;
				GCC_DYNAMIC_NO_PIC = NO;
				GCC_NO_COMMON_BLOCKS = YES;
				GCC_OPTIMIZATION_LEVEL = 0;
				GCC_PREPROCESSOR_DEFINITIONS = (
					"DEBUG=1",
					"$(inherited)",
				);
				GCC_WARN_64_TO_32_BIT_CONVERSION = YES;
				GCC_WARN_ABOUT_RETURN_TYPE = YES_ERROR;
				GCC_WARN_UNDECLARED_SELECTOR = YES;
				GCC_WARN_UNINITIALIZED_AUTOS = YES_AGGRESSIVE;
				GCC_WARN_UNUSED_FUNCTION = YES;
				GCC_WARN_UNUSED_VARIABLE = YES;
				IPHONEOS_DEPLOYMENT_TARGET = 10.3;
				MTL_ENABLE_DEBUG_INFO = YES;
				ONLY_ACTIVE_ARCH = YES;
				SDKROOT = iphoneos;
				SWIFT_ACTIVE_COMPILATION_CONDITIONS = DEBUG;
				SWIFT_OPTIMIZATION_LEVEL = "-Onone";
			};
			name = Debug;
		};
		B57A50131FCE8C3700C7F6BA /* Release */ = {
			isa = XCBuildConfiguration;
			buildSettings = {
				ALWAYS_SEARCH_USER_PATHS = NO;
				CLANG_ANALYZER_NONNULL = YES;
				CLANG_ANALYZER_NUMBER_OBJECT_CONVERSION = YES_AGGRESSIVE;
				CLANG_CXX_LANGUAGE_STANDARD = "gnu++0x";
				CLANG_CXX_LIBRARY = "libc++";
				CLANG_ENABLE_MODULES = YES;
				CLANG_ENABLE_OBJC_ARC = YES;
				CLANG_WARN_BOOL_CONVERSION = YES;
				CLANG_WARN_CONSTANT_CONVERSION = YES;
				CLANG_WARN_DIRECT_OBJC_ISA_USAGE = YES_ERROR;
				CLANG_WARN_DOCUMENTATION_COMMENTS = YES;
				CLANG_WARN_EMPTY_BODY = YES;
				CLANG_WARN_ENUM_CONVERSION = YES;
				CLANG_WARN_INFINITE_RECURSION = YES;
				CLANG_WARN_INT_CONVERSION = YES;
				CLANG_WARN_OBJC_ROOT_CLASS = YES_ERROR;
				CLANG_WARN_SUSPICIOUS_MOVE = YES;
				CLANG_WARN_UNREACHABLE_CODE = YES;
				CLANG_WARN__DUPLICATE_METHOD_MATCH = YES;
				"CODE_SIGN_IDENTITY[sdk=iphoneos*]" = "iPhone Developer";
				COPY_PHASE_STRIP = NO;
				DEBUG_INFORMATION_FORMAT = "dwarf-with-dsym";
				ENABLE_NS_ASSERTIONS = NO;
				ENABLE_STRICT_OBJC_MSGSEND = YES;
				GCC_C_LANGUAGE_STANDARD = gnu99;
				GCC_NO_COMMON_BLOCKS = YES;
				GCC_WARN_64_TO_32_BIT_CONVERSION = YES;
				GCC_WARN_ABOUT_RETURN_TYPE = YES_ERROR;
				GCC_WARN_UNDECLARED_SELECTOR = YES;
				GCC_WARN_UNINITIALIZED_AUTOS = YES_AGGRESSIVE;
				GCC_WARN_UNUSED_FUNCTION = YES;
				GCC_WARN_UNUSED_VARIABLE = YES;
				IPHONEOS_DEPLOYMENT_TARGET = 10.3;
				MTL_ENABLE_DEBUG_INFO = NO;
				SDKROOT = iphoneos;
				SWIFT_OPTIMIZATION_LEVEL = "-Owholemodule";
				VALIDATE_PRODUCT = YES;
			};
			name = Release;
		};
		B57A50151FCE8C3700C7F6BA /* Debug */ = {
			isa = XCBuildConfiguration;
			buildSettings = {
				ASSETCATALOG_COMPILER_APPICON_NAME = AppIcon;
				DEVELOPMENT_TEAM = QD9XU6RVJW;
				INFOPLIST_FILE = SecondKadaiApp/Info.plist;
				LD_RUNPATH_SEARCH_PATHS = "$(inherited) @executable_path/Frameworks";
				PRODUCT_BUNDLE_IDENTIFIER = jp.techacademy.taro.matsubara.SecondKadaiApp;
				PRODUCT_NAME = "$(TARGET_NAME)";
				SWIFT_VERSION = 3.0;
			};
			name = Debug;
		};
		B57A50161FCE8C3700C7F6BA /* Release */ = {
			isa = XCBuildConfiguration;
			buildSettings = {
				ASSETCATALOG_COMPILER_APPICON_NAME = AppIcon;
				DEVELOPMENT_TEAM = QD9XU6RVJW;
				INFOPLIST_FILE = SecondKadaiApp/Info.plist;
				LD_RUNPATH_SEARCH_PATHS = "$(inherited) @executable_path/Frameworks";
				PRODUCT_BUNDLE_IDENTIFIER = jp.techacademy.taro.matsubara.SecondKadaiApp;
				PRODUCT_NAME = "$(TARGET_NAME)";
				SWIFT_VERSION = 3.0;
			};
			name = Release;
		};
/* End XCBuildConfiguration section */

/* Begin XCConfigurationList section */
		B57A4FFD1FCE8C3700C7F6BA /* Build configuration list for PBXProject "SecondKadaiApp" */ = {
			isa = XCConfigurationList;
			buildConfigurations = (
				B57A50121FCE8C3700C7F6BA /* Debug */,
				B57A50131FCE8C3700C7F6BA /* Release */,
			);
			defaultConfigurationIsVisible = 0;
			defaultConfigurationName = Release;
		};
		B57A50141FCE8C3700C7F6BA /* Build configuration list for PBXNativeTarget "SecondKadaiApp" */ = {
			isa = XCConfigurationList;
			buildConfigurations = (
				B57A50151FCE8C3700C7F6BA /* Debug */,
				B57A50161FCE8C3700C7F6BA /* Release */,
			);
			defaultConfigurationIsVisible = 0;
		};
/* End XCConfigurationList section */
	};
	rootObject = B57A4FFA1FCE8C3700C7F6BA /* Project object */;
}
